
Microsoft Visual Studio Solution File, Format Version 12.00
# Visual Studio Version 16
VisualStudioVersion = 16.0.809.1
MinimumVisualStudioVersion = 10.0.40219.1
Project("{FAE04EC0-301F-11D3-BF4B-00C04F79EFBC}") = "TestCases", "TestCases\TestCases.csproj", "{955786ED-DF8D-4B46-A57B-361F378D47D3}"
EndProject
Global
	GlobalSection(SolutionConfigurationPlatforms) = preSolution
		Debug|Any CPU = Debug|Any CPU
		Release|Any CPU = Release|Any CPU
	EndGlobalSection
	GlobalSection(ProjectConfigurationPlatforms) = postSolution
		{955786ED-DF8D-4B46-A57B-361F378D47D3}.Debug|Any CPU.ActiveCfg = Debug|Any CPU
		{955786ED-DF8D-4B46-A57B-361F378D47D3}.Debug|Any CPU.Build.0 = Debug|Any CPU
		{955786ED-DF8D-4B46-A57B-361F378D47D3}.Release|Any CPU.ActiveCfg = Release|Any CPU
		{955786ED-DF8D-4B46-A57B-361F378D47D3}.Release|Any CPU.Build.0 = Release|Any CPU
	EndGlobalSection
	GlobalSection(SolutionProperties) = preSolution
		HideSolutionNode = FALSE
	EndGlobalSection
	GlobalSection(ExtensibilityGlobals) = postSolution
		SolutionGuid = {CD019AD0-3055-46AA-9CE8-57803E338103}
	EndGlobalSection
EndGlobal
